// !$*UTF8*$!
{
	archiveVersion = 1;
	classes = {
	};
	objectVersion = 46;
	objects = {

/* Begin PBXBuildFile section */
		271D8AA11DD39DB70035A9E0 /* AppDelegate.swift in Sources */ = {isa = PBXBuildFile; fileRef = 271D8AA01DD39DB70035A9E0 /* AppDelegate.swift */; };
		271D8AA31DD39DB70035A9E0 /* ViewController.swift in Sources */ = {isa = PBXBuildFile; fileRef = 271D8AA21DD39DB70035A9E0 /* ViewController.swift */; };
		271D8AA61DD39DB70035A9E0 /* Main.storyboard in Resources */ = {isa = PBXBuildFile; fileRef = 271D8AA41DD39DB70035A9E0 /* Main.storyboard */; };
		271D8AA81DD39DB70035A9E0 /* Assets.xcassets in Resources */ = {isa = PBXBuildFile; fileRef = 271D8AA71DD39DB70035A9E0 /* Assets.xcassets */; };
		271D8AAB1DD39DB70035A9E0 /* LaunchScreen.storyboard in Resources */ = {isa = PBXBuildFile; fileRef = 271D8AA91DD39DB70035A9E0 /* LaunchScreen.storyboard */; };
/* End PBXBuildFile section */

/* Begin PBXFileReference section */
		271D8A9D1DD39DB70035A9E0 /* GameOfLife.app */ = {isa = PBXFileReference; explicitFileType = wrapper.application; includeInIndex = 0; path = GameOfLife.app; sourceTree = BUILT_PRODUCTS_DIR; };
		271D8AA01DD39DB70035A9E0 /* AppDelegate.swift */ = {isa = PBXFileReference; lastKnownFileType = sourcecode.swift; path = AppDelegate.swift; sourceTree = "<group>"; };
		271D8AA21DD39DB70035A9E0 /* ViewController.swift */ = {isa = PBXFileReference; lastKnownFileType = sourcecode.swift; path = ViewController.swift; sourceTree = "<group>"; };
		271D8AA51DD39DB70035A9E0 /* Base */ = {isa = PBXFileReference; lastKnownFileType = file.storyboard; name = Base; path = Base.lproj/Main.storyboard; sourceTree = "<group>"; };
		271D8AA71DD39DB70035A9E0 /* Assets.xcassets */ = {isa = PBXFileReference; lastKnownFileType = folder.assetcatalog; path = Assets.xcassets; sourceTree = "<group>"; };
		271D8AAA1DD39DB70035A9E0 /* Base */ = {isa = PBXFileReference; lastKnownFileType = file.storyboard; name = Base; path = Base.lproj/LaunchScreen.storyboard; sourceTree = "<group>"; };
		271D8AAC1DD39DB70035A9E0 /* Info.plist */ = {isa = PBXFileReference; lastKnownFileType = text.plist.xml; path = Info.plist; sourceTree = "<group>"; };
/* End PBXFileReference section */

/* Begin PBXFrameworksBuildPhase section */
		271D8A9A1DD39DB70035A9E0 /* Frameworks */ = {
			isa = PBXFrameworksBuildPhase;
			buildActionMask = 2147483647;
			files = (
			);
			runOnlyForDeploymentPostprocessing = 0;
		};
/* End PBXFrameworksBuildPhase section */

/* Begin PBXGroup section */
		271D8A941DD39DB70035A9E0 = {
			isa = PBXGroup;
			children = (
				271D8A9F1DD39DB70035A9E0 /* GameOfLife */,
				271D8A9E1DD39DB70035A9E0 /* Products */,
			);
			sourceTree = "<group>";
		};
		271D8A9E1DD39DB70035A9E0 /* Products */ = {
			isa = PBXGroup;
			children = (
				271D8A9D1DD39DB70035A9E0 /* GameOfLife.app */,
			);
			name = Products;
			sourceTree = "<group>";
		};
		271D8A9F1DD39DB70035A9E0 /* GameOfLife */ = {
			isa = PBXGroup;
			children = (
				271D8AA01DD39DB70035A9E0 /* AppDelegate.swift */,
				271D8AA21DD39DB70035A9E0 /* ViewController.swift */,
				271D8AA41DD39DB70035A9E0 /* Main.storyboard */,
				271D8AA71DD39DB70035A9E0 /* Assets.xcassets */,
				271D8AA91DD39DB70035A9E0 /* LaunchScreen.storyboard */,
				271D8AAC1DD39DB70035A9E0 /* Info.plist */,
			);
			path = GameOfLife;
			sourceTree = "<group>";
		};
/* End PBXGroup section */

/* Begin PBXNativeTarget section */
		271D8A9C1DD39DB70035A9E0 /* GameOfLife */ = {
			isa = PBXNativeTarget;
			buildConfigurationList = 271D8AAF1DD39DB70035A9E0 /* Build configuration list for PBXNativeTarget "GameOfLife" */;
			buildPhases = (
				271D8A991DD39DB70035A9E0 /* Sources */,
				271D8A9A1DD39DB70035A9E0 /* Frameworks */,
				271D8A9B1DD39DB70035A9E0 /* Resources */,
			);
			buildRules = (
			);
			dependencies = (
			);
			name = GameOfLife;
			productName = GameOfLife;
			productReference = 271D8A9D1DD39DB70035A9E0 /* GameOfLife.app */;
			productType = "com.apple.product-type.application";
		};
/* End PBXNativeTarget section */

/* Begin PBXProject section */
		271D8A951DD39DB70035A9E0 /* Project object */ = {
			isa = PBXProject;
			attributes = {
				LastSwiftUpdateCheck = 0730;
				LastUpgradeCheck = 0730;
				ORGANIZATIONNAME = "Benjamin Chan";
				TargetAttributes = {
					271D8A9C1DD39DB70035A9E0 = {
						CreatedOnToolsVersion = 7.3;
					};
				};
			};
			buildConfigurationList = 271D8A981DD39DB70035A9E0 /* Build configuration list for PBXProject "GameOfLife" */;
			compatibilityVersion = "Xcode 3.2";
			developmentRegion = English;
			hasScannedForEncodings = 0;
			knownRegions = (
				en,
				Base,
			);
			mainGroup = 271D8A941DD39DB70035A9E0;
			productRefGroup = 271D8A9E1DD39DB70035A9E0 /* Products */;
			projectDirPath = "";
			projectRoot = "";
			targets = (
				271D8A9C1DD39DB70035A9E0 /* GameOfLife */,
			);
		};
/* End PBXProject section */

/* Begin PBXResourcesBuildPhase section */
		271D8A9B1DD39DB70035A9E0 /* Resources */ = {
			isa = PBXResourcesBuildPhase;
			buildActionMask = 2147483647;
			files = (
				271D8AAB1DD39DB70035A9E0 /* LaunchScreen.storyboard in Resources */,
				271D8AA81DD39DB70035A9E0 /* Assets.xcassets in Resources */,
				271D8AA61DD39DB70035A9E0 /* Main.storyboard in Resources */,
			);
			runOnlyForDeploymentPostprocessing = 0;
		};
/* End PBXResourcesBuildPhase section */

/* Begin PBXSourcesBuildPhase section */
		271D8A991DD39DB70035A9E0 /* Sources */ = {
			isa = PBXSourcesBuildPhase;
			buildActionMask = 2147483647;
			files = (
				271D8AA31DD39DB70035A9E0 /* ViewController.swift in Sources */,
				271D8AA11DD39DB70035A9E0 /* AppDelegate.swift in Sources */,
			);
			runOnlyForDeploymentPostprocessing = 0;
		};
/* End PBXSourcesBuildPhase section */

/* Begin PBXVariantGroup section */
		271D8AA41DD39DB70035A9E0 /* Main.storyboard */ = {
			isa = PBXVariantGroup;
			children = (
				271D8AA51DD39DB70035A9E0 /* Base */,
			);
			name = Main.storyboard;
			sourceTree = "<group>";
		};
		271D8AA91DD39DB70035A9E0 /* LaunchScreen.storyboard */ = {
			isa = PBXVariantGroup;
			children = (
				271D8AAA1DD39DB70035A9E0 /* Base */,
			);
			name = LaunchScreen.storyboard;
			sourceTree = "<group>";
		};
/* End PBXVariantGroup section */

/* Begin XCBuildConfiguration section */
		271D8AAD1DD39DB70035A9E0 /* Debug */ = {
			isa = XCBuildConfiguration;
			buildSettings = {
				ALWAYS_SEARCH_USER_PATHS = NO;
				CLANG_ANALYZER_NONNULL = YES;
				CLANG_CXX_LANGUAGE_STANDARD = "gnu++0x";
				CLANG_CXX_LIBRARY = "libc++";
				CLANG_ENABLE_MODULES = YES;
				CLANG_ENABLE_OBJC_ARC = YES;
				CLANG_WARN_BOOL_CONVERSION = YES;
				CLANG_WARN_CONSTANT_CONVERSION = YES;
				CLANG_WARN_DIRECT_OBJC_ISA_USAGE = YES_ERROR;
				CLANG_WARN_EMPTY_BODY = YES;
				CLANG_WARN_ENUM_CONVERSION = YES;
				CLANG_WARN_INT_CONVERSION = YES;
				CLANG_WARN_OBJC_ROOT_CLASS = YES_ERROR;
				CLANG_WARN_UNREACHABLE_CODE = YES;
				CLANG_WARN__DUPLICATE_METHOD_MATCH = YES;
				"CODE_SIGN_IDENTITY[sdk=iphoneos*]" = "iPhone Developer";
				COPY_PHASE_STRIP = NO;
				DEBUG_INFORMATION_FORMAT = dwarf;
				ENABLE_STRICT_OBJC_MSGSEND = YES;
				ENABLE_TESTABILITY = YES;
				GCC_C_LANGUAGE_STANDARD = gnu99;
				GCC_DYNAMIC_NO_PIC = NO;
				GCC_NO_COMMON_BLOCKS = YES;
				GCC_OPTIMIZATION_LEVEL = 0;
				GCC_PREPROCESSOR_DEFINITIONS = (
					"DEBUG=1",
					"$(inherited)",
				);
				GCC_WARN_64_TO_32_BIT_CONVERSION = YES;
				GCC_WARN_ABOUT_RETURN_TYPE = YES_ERROR;
				GCC_WARN_UNDECLARED_SELECTOR = YES;
				GCC_WARN_UNINITIALIZED_AUTOS = YES_AGGRESSIVE;
				GCC_WARN_UNUSED_FUNCTION = YES;
				GCC_WARN_UNUSED_VARIABLE = YES;
				IPHONEOS_DEPLOYMENT_TARGET = 9.3;
				MTL_ENABLE_DEBUG_INFO = YES;
				ONLY_ACTIVE_ARCH = YES;
				SDKROOT = iphoneos;
				SWIFT_OPTIMIZATION_LEVEL = "-Onone";
			};
			name = Debug;
		};
		271D8AAE1DD39DB70035A9E0 /* Release */ = {
			isa = XCBuildConfiguration;
			buildSettings = {
				ALWAYS_SEARCH_USER_PATHS = NO;
				CLANG_ANALYZER_NONNULL = YES;
				CLANG_CXX_LANGUAGE_STANDARD = "gnu++0x";
				CLANG_CXX_LIBRARY = "libc++";
				CLANG_ENABLE_MODULES = YES;
				CLANG_ENABLE_OBJC_ARC = YES;
				CLANG_WARN_BOOL_CONVERSION = YES;
				CLANG_WARN_CONSTANT_CONVERSION = YES;
				CLANG_WARN_DIRECT_OBJC_ISA_USAGE = YES_ERROR;
				CLANG_WARN_EMPTY_BODY = YES;
				CLANG_WARN_ENUM_CONVERSION = YES;
				CLANG_WARN_INT_CONVERSION = YES;
				CLANG_WARN_OBJC_ROOT_CLASS = YES_ERROR;
				CLANG_WARN_UNREACHABLE_CODE = YES;
				CLANG_WARN__DUPLICATE_METHOD_MATCH = YES;
				"CODE_SIGN_IDENTITY[sdk=iphoneos*]" = "iPhone Developer";
				COPY_PHASE_STRIP = NO;
				DEBUG_INFORMATION_FORMAT = "dwarf-with-dsym";
				ENABLE_NS_ASSERTIONS = NO;
				ENABLE_STRICT_OBJC_MSGSEND = YES;
				GCC_C_LANGUAGE_STANDARD = gnu99;
				GCC_NO_COMMON_BLOCKS = YES;
				GCC_WARN_64_TO_32_BIT_CONVERSION = YES;
				GCC_WARN_ABOUT_RETURN_TYPE = YES_ERROR;
				GCC_WARN_UNDECLARED_SELECTOR = YES;
				GCC_WARN_UNINITIALIZED_AUTOS = YES_AGGRESSIVE;
				GCC_WARN_UNUSED_FUNCTION = YES;
				GCC_WARN_UNUSED_VARIABLE = YES;
				IPHONEOS_DEPLOYMENT_TARGET = 9.3;
				MTL_ENABLE_DEBUG_INFO = NO;
				SDKROOT = iphoneos;
				VALIDATE_PRODUCT = YES;
			};
			name = Release;
		};
		271D8AB01DD39DB70035A9E0 /* Debug */ = {
			isa = XCBuildConfiguration;
			buildSettings = {
				ASSETCATALOG_COMPILER_APPICON_NAME = AppIcon;
				INFOPLIST_FILE = GameOfLife/Info.plist;
				LD_RUNPATH_SEARCH_PATHS = "$(inherited) @executable_path/Frameworks";
				PRODUCT_BUNDLE_IDENTIFIER = BC.GameOfLife;
				PRODUCT_NAME = "$(TARGET_NAME)";
			};
			name = Debug;
		};
		271D8AB11DD39DB70035A9E0 /* Release */ = {
			isa = XCBuildConfiguration;
			buildSettings = {
				ASSETCATALOG_COMPILER_APPICON_NAME = AppIcon;
				INFOPLIST_FILE = GameOfLife/Info.plist;
				LD_RUNPATH_SEARCH_PATHS = "$(inherited) @executable_path/Frameworks";
				PRODUCT_BUNDLE_IDENTIFIER = BC.GameOfLife;
				PRODUCT_NAME = "$(TARGET_NAME)";
			};
			name = Release;
		};
/* End XCBuildConfiguration section */

/* Begin XCConfigurationList section */
		271D8A981DD39DB70035A9E0 /* Build configuration list for PBXProject "GameOfLife" */ = {
			isa = XCConfigurationList;
			buildConfigurations = (
				271D8AAD1DD39DB70035A9E0 /* Debug */,
				271D8AAE1DD39DB70035A9E0 /* Release */,
			);
			defaultConfigurationIsVisible = 0;
			defaultConfigurationName = Release;
		};
		271D8AAF1DD39DB70035A9E0 /* Build configuration list for PBXNativeTarget "GameOfLife" */ = {
			isa = XCConfigurationList;
			buildConfigurations = (
				271D8AB01DD39DB70035A9E0 /* Debug */,
				271D8AB11DD39DB70035A9E0 /* Release */,
			);
			defaultConfigurationIsVisible = 0;
		};
/* End XCConfigurationList section */
	};
	rootObject = 271D8A951DD39DB70035A9E0 /* Project object */;
}
